
Microsoft Visual Studio Solution File, Format Version 12.00
# Visual Studio Version 16
VisualStudioVersion = 16.0.31005.135
MinimumVisualStudioVersion = 10.0.40219.1
Project("{FAE04EC0-301F-11D3-BF4B-00C04F79EFBC}") = "ListView", "ListView.csproj", "{D32F5C5B-423E-4936-A79B-344F973CA95B}"
EndProject
Global
	GlobalSection(SolutionConfigurationPlatforms) = preSolution
		Debug|Any CPU = Debug|Any CPU
		Release|Any CPU = Release|Any CPU
	EndGlobalSection
	GlobalSection(ProjectConfigurationPlatforms) = postSolution
		{D32F5C5B-423E-4936-A79B-344F973CA95B}.Debug|Any CPU.ActiveCfg = Debug|Any CPU
		{D32F5C5B-423E-4936-A79B-344F973CA95B}.Debug|Any CPU.Build.0 = Debug|Any CPU
		{D32F5C5B-423E-4936-A79B-344F973CA95B}.Release|Any CPU.ActiveCfg = Release|Any CPU
		{D32F5C5B-423E-4936-A79B-344F973CA95B}.Release|Any CPU.Build.0 = Release|Any CPU
	EndGlobalSection
	GlobalSection(SolutionProperties) = preSolution
		HideSolutionNode = FALSE
	EndGlobalSection
	GlobalSection(ExtensibilityGlobals) = postSolution
		SolutionGuid = {C7FA2E0D-8901-440D-A483-8954A944B818}
	EndGlobalSection
EndGlobal
